// !$*UTF8*$!
{
	archiveVersion = 1;
	classes = {
	};
	objectVersion = 48;
	objects = {

/* Begin PBXBuildFile section */
		678E04B0DFC3893F6E6B15A9 /* Pods_Tumblr.framework in Frameworks */ = {isa = PBXBuildFile; fileRef = F0960C86C8D658D3840A242F /* Pods_Tumblr.framework */; };
		AA8EC68536B63951E1A2279D /* Pods_TumblrUITests.framework in Frameworks */ = {isa = PBXBuildFile; fileRef = F53B9FACDDAF882FA926CA3F /* Pods_TumblrUITests.framework */; };
		BD71A258204385F000FF50E3 /* AppDelegate.swift in Sources */ = {isa = PBXBuildFile; fileRef = BD71A257204385F000FF50E3 /* AppDelegate.swift */; };
		BD71A25D204385F000FF50E3 /* Main.storyboard in Resources */ = {isa = PBXBuildFile; fileRef = BD71A25B204385F000FF50E3 /* Main.storyboard */; };
		BD71A25F204385F000FF50E3 /* Assets.xcassets in Resources */ = {isa = PBXBuildFile; fileRef = BD71A25E204385F000FF50E3 /* Assets.xcassets */; };
		BD71A262204385F000FF50E3 /* LaunchScreen.storyboard in Resources */ = {isa = PBXBuildFile; fileRef = BD71A260204385F000FF50E3 /* LaunchScreen.storyboard */; };
		BD71A26D204385F100FF50E3 /* TumblrTests.swift in Sources */ = {isa = PBXBuildFile; fileRef = BD71A26C204385F100FF50E3 /* TumblrTests.swift */; };
		BD71A278204385F100FF50E3 /* TumblrUITests.swift in Sources */ = {isa = PBXBuildFile; fileRef = BD71A277204385F100FF50E3 /* TumblrUITests.swift */; };
		BD71A288204388AB00FF50E3 /* PhotosViewController.swift in Sources */ = {isa = PBXBuildFile; fileRef = BD71A287204388AB00FF50E3 /* PhotosViewController.swift */; };
		BD71A28A20438D9900FF50E3 /* PhotoCell.swift in Sources */ = {isa = PBXBuildFile; fileRef = BD71A28920438D9900FF50E3 /* PhotoCell.swift */; };
		EB7DA18C66AEB343D9FD399C /* Pods_TumblrTests.framework in Frameworks */ = {isa = PBXBuildFile; fileRef = 8F758E317B5EC79B64777E52 /* Pods_TumblrTests.framework */; };
/* End PBXBuildFile section */

/* Begin PBXContainerItemProxy section */
		BD71A269204385F100FF50E3 /* PBXContainerItemProxy */ = {
			isa = PBXContainerItemProxy;
			containerPortal = BD71A24C204385F000FF50E3 /* Project object */;
			proxyType = 1;
			remoteGlobalIDString = BD71A253204385F000FF50E3;
			remoteInfo = Tumblr;
		};
		BD71A274204385F100FF50E3 /* PBXContainerItemProxy */ = {
			isa = PBXContainerItemProxy;
			containerPortal = BD71A24C204385F000FF50E3 /* Project object */;
			proxyType = 1;
			remoteGlobalIDString = BD71A253204385F000FF50E3;
			remoteInfo = Tumblr;
		};
/* End PBXContainerItemProxy section */

/* Begin PBXFileReference section */
		0FFE3A2052DF1EFCFE5D6DB0 /* Pods-TumblrUITests.debug.xcconfig */ = {isa = PBXFileReference; includeInIndex = 1; lastKnownFileType = text.xcconfig; name = "Pods-TumblrUITests.debug.xcconfig"; path = "Pods/Target Support Files/Pods-TumblrUITests/Pods-TumblrUITests.debug.xcconfig"; sourceTree = "<group>"; };
		1972C595F4721501978C1BEB /* Pods-TumblrUITests.release.xcconfig */ = {isa = PBXFileReference; includeInIndex = 1; lastKnownFileType = text.xcconfig; name = "Pods-TumblrUITests.release.xcconfig"; path = "Pods/Target Support Files/Pods-TumblrUITests/Pods-TumblrUITests.release.xcconfig"; sourceTree = "<group>"; };
		35EA6612F86CCA990D3792BE /* Pods-TumblrTests.release.xcconfig */ = {isa = PBXFileReference; includeInIndex = 1; lastKnownFileType = text.xcconfig; name = "Pods-TumblrTests.release.xcconfig"; path = "Pods/Target Support Files/Pods-TumblrTests/Pods-TumblrTests.release.xcconfig"; sourceTree = "<group>"; };
		453DF8739015DEF0A20ED3EC /* Pods-TumblrTests.debug.xcconfig */ = {isa = PBXFileReference; includeInIndex = 1; lastKnownFileType = text.xcconfig; name = "Pods-TumblrTests.debug.xcconfig"; path = "Pods/Target Support Files/Pods-TumblrTests/Pods-TumblrTests.debug.xcconfig"; sourceTree = "<group>"; };
		520E46D885FE96D576F5200D /* Pods-Tumblr.release.xcconfig */ = {isa = PBXFileReference; includeInIndex = 1; lastKnownFileType = text.xcconfig; name = "Pods-Tumblr.release.xcconfig"; path = "Pods/Target Support Files/Pods-Tumblr/Pods-Tumblr.release.xcconfig"; sourceTree = "<group>"; };
		598D2B65F854FA6DC7FE26C2 /* Pods-Tumblr.debug.xcconfig */ = {isa = PBXFileReference; includeInIndex = 1; lastKnownFileType = text.xcconfig; name = "Pods-Tumblr.debug.xcconfig"; path = "Pods/Target Support Files/Pods-Tumblr/Pods-Tumblr.debug.xcconfig"; sourceTree = "<group>"; };
		8F758E317B5EC79B64777E52 /* Pods_TumblrTests.framework */ = {isa = PBXFileReference; explicitFileType = wrapper.framework; includeInIndex = 0; path = Pods_TumblrTests.framework; sourceTree = BUILT_PRODUCTS_DIR; };
		BD71A254204385F000FF50E3 /* Tumblr.app */ = {isa = PBXFileReference; explicitFileType = wrapper.application; includeInIndex = 0; path = Tumblr.app; sourceTree = BUILT_PRODUCTS_DIR; };
		BD71A257204385F000FF50E3 /* AppDelegate.swift */ = {isa = PBXFileReference; lastKnownFileType = sourcecode.swift; path = AppDelegate.swift; sourceTree = "<group>"; };
		BD71A25C204385F000FF50E3 /* Base */ = {isa = PBXFileReference; lastKnownFileType = file.storyboard; name = Base; path = Base.lproj/Main.storyboard; sourceTree = "<group>"; };
		BD71A25E204385F000FF50E3 /* Assets.xcassets */ = {isa = PBXFileReference; lastKnownFileType = folder.assetcatalog; path = Assets.xcassets; sourceTree = "<group>"; };
		BD71A261204385F000FF50E3 /* Base */ = {isa = PBXFileReference; lastKnownFileType = file.storyboard; name = Base; path = Base.lproj/LaunchScreen.storyboard; sourceTree = "<group>"; };
		BD71A263204385F000FF50E3 /* Info.plist */ = {isa = PBXFileReference; lastKnownFileType = text.plist.xml; path = Info.plist; sourceTree = "<group>"; };
		BD71A268204385F100FF50E3 /* TumblrTests.xctest */ = {isa = PBXFileReference; explicitFileType = wrapper.cfbundle; includeInIndex = 0; path = TumblrTests.xctest; sourceTree = BUILT_PRODUCTS_DIR; };
		BD71A26C204385F100FF50E3 /* TumblrTests.swift */ = {isa = PBXFileReference; lastKnownFileType = sourcecode.swift; path = TumblrTests.swift; sourceTree = "<group>"; };
		BD71A26E204385F100FF50E3 /* Info.plist */ = {isa = PBXFileReference; lastKnownFileType = text.plist.xml; path = Info.plist; sourceTree = "<group>"; };
		BD71A273204385F100FF50E3 /* TumblrUITests.xctest */ = {isa = PBXFileReference; explicitFileType = wrapper.cfbundle; includeInIndex = 0; path = TumblrUITests.xctest; sourceTree = BUILT_PRODUCTS_DIR; };
		BD71A277204385F100FF50E3 /* TumblrUITests.swift */ = {isa = PBXFileReference; lastKnownFileType = sourcecode.swift; path = TumblrUITests.swift; sourceTree = "<group>"; };
		BD71A279204385F100FF50E3 /* Info.plist */ = {isa = PBXFileReference; lastKnownFileType = text.plist.xml; path = Info.plist; sourceTree = "<group>"; };
		BD71A287204388AB00FF50E3 /* PhotosViewController.swift */ = {isa = PBXFileReference; lastKnownFileType = sourcecode.swift; path = PhotosViewController.swift; sourceTree = "<group>"; };
		BD71A28920438D9900FF50E3 /* PhotoCell.swift */ = {isa = PBXFileReference; lastKnownFileType = sourcecode.swift; path = PhotoCell.swift; sourceTree = "<group>"; };
		F0960C86C8D658D3840A242F /* Pods_Tumblr.framework */ = {isa = PBXFileReference; explicitFileType = wrapper.framework; includeInIndex = 0; path = Pods_Tumblr.framework; sourceTree = BUILT_PRODUCTS_DIR; };
		F53B9FACDDAF882FA926CA3F /* Pods_TumblrUITests.framework */ = {isa = PBXFileReference; explicitFileType = wrapper.framework; includeInIndex = 0; path = Pods_TumblrUITests.framework; sourceTree = BUILT_PRODUCTS_DIR; };
/* End PBXFileReference section */

/* Begin PBXFrameworksBuildPhase section */
		BD71A251204385F000FF50E3 /* Frameworks */ = {
			isa = PBXFrameworksBuildPhase;
			buildActionMask = 2147483647;
			files = (
				678E04B0DFC3893F6E6B15A9 /* Pods_Tumblr.framework in Frameworks */,
			);
			runOnlyForDeploymentPostprocessing = 0;
		};
		BD71A265204385F100FF50E3 /* Frameworks */ = {
			isa = PBXFrameworksBuildPhase;
			buildActionMask = 2147483647;
			files = (
				EB7DA18C66AEB343D9FD399C /* Pods_TumblrTests.framework in Frameworks */,
			);
			runOnlyForDeploymentPostprocessing = 0;
		};
		BD71A270204385F100FF50E3 /* Frameworks */ = {
			isa = PBXFrameworksBuildPhase;
			buildActionMask = 2147483647;
			files = (
				AA8EC68536B63951E1A2279D /* Pods_TumblrUITests.framework in Frameworks */,
			);
			runOnlyForDeploymentPostprocessing = 0;
		};
/* End PBXFrameworksBuildPhase section */

/* Begin PBXGroup section */
		40EBAEE33B18613293AA8176 /* Pods */ = {
			isa = PBXGroup;
			children = (
				598D2B65F854FA6DC7FE26C2 /* Pods-Tumblr.debug.xcconfig */,
				520E46D885FE96D576F5200D /* Pods-Tumblr.release.xcconfig */,
				453DF8739015DEF0A20ED3EC /* Pods-TumblrTests.debug.xcconfig */,
				35EA6612F86CCA990D3792BE /* Pods-TumblrTests.release.xcconfig */,
				0FFE3A2052DF1EFCFE5D6DB0 /* Pods-TumblrUITests.debug.xcconfig */,
				1972C595F4721501978C1BEB /* Pods-TumblrUITests.release.xcconfig */,
			);
			name = Pods;
			sourceTree = "<group>";
		};
		BD71A24B204385F000FF50E3 = {
			isa = PBXGroup;
			children = (
				BD71A256204385F000FF50E3 /* Tumblr */,
				BD71A26B204385F100FF50E3 /* TumblrTests */,
				BD71A276204385F100FF50E3 /* TumblrUITests */,
				BD71A255204385F000FF50E3 /* Products */,
				40EBAEE33B18613293AA8176 /* Pods */,
				BF9784AE38BC8AF8FF818AE3 /* Frameworks */,
			);
			sourceTree = "<group>";
		};
		BD71A255204385F000FF50E3 /* Products */ = {
			isa = PBXGroup;
			children = (
				BD71A254204385F000FF50E3 /* Tumblr.app */,
				BD71A268204385F100FF50E3 /* TumblrTests.xctest */,
				BD71A273204385F100FF50E3 /* TumblrUITests.xctest */,
			);
			name = Products;
			sourceTree = "<group>";
		};
		BD71A256204385F000FF50E3 /* Tumblr */ = {
			isa = PBXGroup;
			children = (
				BD71A257204385F000FF50E3 /* AppDelegate.swift */,
				BD71A25B204385F000FF50E3 /* Main.storyboard */,
				BD71A25E204385F000FF50E3 /* Assets.xcassets */,
				BD71A260204385F000FF50E3 /* LaunchScreen.storyboard */,
				BD71A263204385F000FF50E3 /* Info.plist */,
				BD71A287204388AB00FF50E3 /* PhotosViewController.swift */,
				BD71A28920438D9900FF50E3 /* PhotoCell.swift */,
			);
			path = Tumblr;
			sourceTree = "<group>";
		};
		BD71A26B204385F100FF50E3 /* TumblrTests */ = {
			isa = PBXGroup;
			children = (
				BD71A26C204385F100FF50E3 /* TumblrTests.swift */,
				BD71A26E204385F100FF50E3 /* Info.plist */,
			);
			path = TumblrTests;
			sourceTree = "<group>";
		};
		BD71A276204385F100FF50E3 /* TumblrUITests */ = {
			isa = PBXGroup;
			children = (
				BD71A277204385F100FF50E3 /* TumblrUITests.swift */,
				BD71A279204385F100FF50E3 /* Info.plist */,
			);
			path = TumblrUITests;
			sourceTree = "<group>";
		};
		BF9784AE38BC8AF8FF818AE3 /* Frameworks */ = {
			isa = PBXGroup;
			children = (
				F0960C86C8D658D3840A242F /* Pods_Tumblr.framework */,
				8F758E317B5EC79B64777E52 /* Pods_TumblrTests.framework */,
				F53B9FACDDAF882FA926CA3F /* Pods_TumblrUITests.framework */,
			);
			name = Frameworks;
			sourceTree = "<group>";
		};
/* End PBXGroup section */

/* Begin PBXNativeTarget section */
		BD71A253204385F000FF50E3 /* Tumblr */ = {
			isa = PBXNativeTarget;
			buildConfigurationList = BD71A27C204385F100FF50E3 /* Build configuration list for PBXNativeTarget "Tumblr" */;
			buildPhases = (
				83E4E31260B112F4897758BB /* [CP] Check Pods Manifest.lock */,
				BD71A250204385F000FF50E3 /* Sources */,
				BD71A251204385F000FF50E3 /* Frameworks */,
				BD71A252204385F000FF50E3 /* Resources */,
				A4BC361E1645002CDE478DCE /* [CP] Embed Pods Frameworks */,
				509D4457D5FDB92CD493AFFC /* [CP] Copy Pods Resources */,
			);
			buildRules = (
			);
			dependencies = (
			);
			name = Tumblr;
			productName = Tumblr;
			productReference = BD71A254204385F000FF50E3 /* Tumblr.app */;
			productType = "com.apple.product-type.application";
		};
		BD71A267204385F100FF50E3 /* TumblrTests */ = {
			isa = PBXNativeTarget;
			buildConfigurationList = BD71A27F204385F100FF50E3 /* Build configuration list for PBXNativeTarget "TumblrTests" */;
			buildPhases = (
				5F7564DEA075DA0A79298ACC /* [CP] Check Pods Manifest.lock */,
				BD71A264204385F100FF50E3 /* Sources */,
				BD71A265204385F100FF50E3 /* Frameworks */,
				BD71A266204385F100FF50E3 /* Resources */,
				FD940EAA5C82D1BB2BD7F354 /* [CP] Embed Pods Frameworks */,
				05BB8F7F19845C6983D7CC4A /* [CP] Copy Pods Resources */,
			);
			buildRules = (
			);
			dependencies = (
				BD71A26A204385F100FF50E3 /* PBXTargetDependency */,
			);
			name = TumblrTests;
			productName = TumblrTests;
			productReference = BD71A268204385F100FF50E3 /* TumblrTests.xctest */;
			productType = "com.apple.product-type.bundle.unit-test";
		};
		BD71A272204385F100FF50E3 /* TumblrUITests */ = {
			isa = PBXNativeTarget;
			buildConfigurationList = BD71A282204385F100FF50E3 /* Build configuration list for PBXNativeTarget "TumblrUITests" */;
			buildPhases = (
				A7267D340FE7CDFDEF0EB9C4 /* [CP] Check Pods Manifest.lock */,
				BD71A26F204385F100FF50E3 /* Sources */,
				BD71A270204385F100FF50E3 /* Frameworks */,
				BD71A271204385F100FF50E3 /* Resources */,
				0CAE567082187FF262C738D2 /* [CP] Embed Pods Frameworks */,
				623A210FE9E6CCA97A939D48 /* [CP] Copy Pods Resources */,
			);
			buildRules = (
			);
			dependencies = (
				BD71A275204385F100FF50E3 /* PBXTargetDependency */,
			);
			name = TumblrUITests;
			productName = TumblrUITests;
			productReference = BD71A273204385F100FF50E3 /* TumblrUITests.xctest */;
			productType = "com.apple.product-type.bundle.ui-testing";
		};
/* End PBXNativeTarget section */

/* Begin PBXProject section */
		BD71A24C204385F000FF50E3 /* Project object */ = {
			isa = PBXProject;
			attributes = {
				LastSwiftUpdateCheck = 0920;
				LastUpgradeCheck = 0920;
				ORGANIZATIONNAME = "Anurag Kumar Yadav";
				TargetAttributes = {
					BD71A253204385F000FF50E3 = {
						CreatedOnToolsVersion = 9.2;
						ProvisioningStyle = Automatic;
					};
					BD71A267204385F100FF50E3 = {
						CreatedOnToolsVersion = 9.2;
						ProvisioningStyle = Automatic;
						TestTargetID = BD71A253204385F000FF50E3;
					};
					BD71A272204385F100FF50E3 = {
						CreatedOnToolsVersion = 9.2;
						ProvisioningStyle = Automatic;
						TestTargetID = BD71A253204385F000FF50E3;
					};
				};
			};
			buildConfigurationList = BD71A24F204385F000FF50E3 /* Build configuration list for PBXProject "Tumblr" */;
			compatibilityVersion = "Xcode 8.0";
			developmentRegion = en;
			hasScannedForEncodings = 0;
			knownRegions = (
				en,
				Base,
			);
			mainGroup = BD71A24B204385F000FF50E3;
			productRefGroup = BD71A255204385F000FF50E3 /* Products */;
			projectDirPath = "";
			projectRoot = "";
			targets = (
				BD71A253204385F000FF50E3 /* Tumblr */,
				BD71A267204385F100FF50E3 /* TumblrTests */,
				BD71A272204385F100FF50E3 /* TumblrUITests */,
			);
		};
/* End PBXProject section */

/* Begin PBXResourcesBuildPhase section */
		BD71A252204385F000FF50E3 /* Resources */ = {
			isa = PBXResourcesBuildPhase;
			buildActionMask = 2147483647;
			files = (
				BD71A262204385F000FF50E3 /* LaunchScreen.storyboard in Resources */,
				BD71A25F204385F000FF50E3 /* Assets.xcassets in Resources */,
				BD71A25D204385F000FF50E3 /* Main.storyboard in Resources */,
			);
			runOnlyForDeploymentPostprocessing = 0;
		};
		BD71A266204385F100FF50E3 /* Resources */ = {
			isa = PBXResourcesBuildPhase;
			buildActionMask = 2147483647;
			files = (
			);
			runOnlyForDeploymentPostprocessing = 0;
		};
		BD71A271204385F100FF50E3 /* Resources */ = {
			isa = PBXResourcesBuildPhase;
			buildActionMask = 2147483647;
			files = (
			);
			runOnlyForDeploymentPostprocessing = 0;
		};
/* End PBXResourcesBuildPhase section */

/* Begin PBXShellScriptBuildPhase section */
		05BB8F7F19845C6983D7CC4A /* [CP] Copy Pods Resources */ = {
			isa = PBXShellScriptBuildPhase;
			buildActionMask = 2147483647;
			files = (
			);
			inputPaths = (
			);
			name = "[CP] Copy Pods Resources";
			outputPaths = (
			);
			runOnlyForDeploymentPostprocessing = 0;
			shellPath = /bin/sh;
			shellScript = "\"${SRCROOT}/Pods/Target Support Files/Pods-TumblrTests/Pods-TumblrTests-resources.sh\"\n";
			showEnvVarsInLog = 0;
		};
		0CAE567082187FF262C738D2 /* [CP] Embed Pods Frameworks */ = {
			isa = PBXShellScriptBuildPhase;
			buildActionMask = 2147483647;
			files = (
			);
			inputPaths = (
			);
			name = "[CP] Embed Pods Frameworks";
			outputPaths = (
			);
			runOnlyForDeploymentPostprocessing = 0;
			shellPath = /bin/sh;
			shellScript = "\"${SRCROOT}/Pods/Target Support Files/Pods-TumblrUITests/Pods-TumblrUITests-frameworks.sh\"\n";
			showEnvVarsInLog = 0;
		};
		509D4457D5FDB92CD493AFFC /* [CP] Copy Pods Resources */ = {
			isa = PBXShellScriptBuildPhase;
			buildActionMask = 2147483647;
			files = (
			);
			inputPaths = (
			);
			name = "[CP] Copy Pods Resources";
			outputPaths = (
			);
			runOnlyForDeploymentPostprocessing = 0;
			shellPath = /bin/sh;
			shellScript = "\"${SRCROOT}/Pods/Target Support Files/Pods-Tumblr/Pods-Tumblr-resources.sh\"\n";
			showEnvVarsInLog = 0;
		};
		5F7564DEA075DA0A79298ACC /* [CP] Check Pods Manifest.lock */ = {
			isa = PBXShellScriptBuildPhase;
			buildActionMask = 2147483647;
			files = (
			);
			inputPaths = (
				"${PODS_PODFILE_DIR_PATH}/Podfile.lock",
				"${PODS_ROOT}/Manifest.lock",
			);
			name = "[CP] Check Pods Manifest.lock";
			outputPaths = (
				"$(DERIVED_FILE_DIR)/Pods-TumblrTests-checkManifestLockResult.txt",
			);
			runOnlyForDeploymentPostprocessing = 0;
			shellPath = /bin/sh;
			shellScript = "diff \"${PODS_PODFILE_DIR_PATH}/Podfile.lock\" \"${PODS_ROOT}/Manifest.lock\" > /dev/null\nif [ $? != 0 ] ; then\n    # print error to STDERR\n    echo \"error: The sandbox is not in sync with the Podfile.lock. Run 'pod install' or update your CocoaPods installation.\" >&2\n    exit 1\nfi\n# This output is used by Xcode 'outputs' to avoid re-running this script phase.\necho \"SUCCESS\" > \"${SCRIPT_OUTPUT_FILE_0}\"\n";
			showEnvVarsInLog = 0;
		};
		623A210FE9E6CCA97A939D48 /* [CP] Copy Pods Resources */ = {
			isa = PBXShellScriptBuildPhase;
			buildActionMask = 2147483647;
			files = (
			);
			inputPaths = (
			);
			name = "[CP] Copy Pods Resources";
			outputPaths = (
			);
			runOnlyForDeploymentPostprocessing = 0;
			shellPath = /bin/sh;
			shellScript = "\"${SRCROOT}/Pods/Target Support Files/Pods-TumblrUITests/Pods-TumblrUITests-resources.sh\"\n";
			showEnvVarsInLog = 0;
		};
		83E4E31260B112F4897758BB /* [CP] Check Pods Manifest.lock */ = {
			isa = PBXShellScriptBuildPhase;
			buildActionMask = 2147483647;
			files = (
			);
			inputPaths = (
				"${PODS_PODFILE_DIR_PATH}/Podfile.lock",
				"${PODS_ROOT}/Manifest.lock",
			);
			name = "[CP] Check Pods Manifest.lock";
			outputPaths = (
				"$(DERIVED_FILE_DIR)/Pods-Tumblr-checkManifestLockResult.txt",
			);
			runOnlyForDeploymentPostprocessing = 0;
			shellPath = /bin/sh;
			shellScript = "diff \"${PODS_PODFILE_DIR_PATH}/Podfile.lock\" \"${PODS_ROOT}/Manifest.lock\" > /dev/null\nif [ $? != 0 ] ; then\n    # print error to STDERR\n    echo \"error: The sandbox is not in sync with the Podfile.lock. Run 'pod install' or update your CocoaPods installation.\" >&2\n    exit 1\nfi\n# This output is used by Xcode 'outputs' to avoid re-running this script phase.\necho \"SUCCESS\" > \"${SCRIPT_OUTPUT_FILE_0}\"\n";
			showEnvVarsInLog = 0;
		};
		A4BC361E1645002CDE478DCE /* [CP] Embed Pods Frameworks */ = {
			isa = PBXShellScriptBuildPhase;
			buildActionMask = 2147483647;
			files = (
			);
			inputPaths = (
				"${SRCROOT}/Pods/Target Support Files/Pods-Tumblr/Pods-Tumblr-frameworks.sh",
				"${BUILT_PRODUCTS_DIR}/Alamofire/Alamofire.framework",
				"${BUILT_PRODUCTS_DIR}/AlamofireImage/AlamofireImage.framework",
			);
			name = "[CP] Embed Pods Frameworks";
			outputPaths = (
				"${TARGET_BUILD_DIR}/${FRAMEWORKS_FOLDER_PATH}/Alamofire.framework",
				"${TARGET_BUILD_DIR}/${FRAMEWORKS_FOLDER_PATH}/AlamofireImage.framework",
			);
			runOnlyForDeploymentPostprocessing = 0;
			shellPath = /bin/sh;
			shellScript = "\"${SRCROOT}/Pods/Target Support Files/Pods-Tumblr/Pods-Tumblr-frameworks.sh\"\n";
			showEnvVarsInLog = 0;
		};
		A7267D340FE7CDFDEF0EB9C4 /* [CP] Check Pods Manifest.lock */ = {
			isa = PBXShellScriptBuildPhase;
			buildActionMask = 2147483647;
			files = (
			);
			inputPaths = (
				"${PODS_PODFILE_DIR_PATH}/Podfile.lock",
				"${PODS_ROOT}/Manifest.lock",
			);
			name = "[CP] Check Pods Manifest.lock";
			outputPaths = (
				"$(DERIVED_FILE_DIR)/Pods-TumblrUITests-checkManifestLockResult.txt",
			);
			runOnlyForDeploymentPostprocessing = 0;
			shellPath = /bin/sh;
			shellScript = "diff \"${PODS_PODFILE_DIR_PATH}/Podfile.lock\" \"${PODS_ROOT}/Manifest.lock\" > /dev/null\nif [ $? != 0 ] ; then\n    # print error to STDERR\n    echo \"error: The sandbox is not in sync with the Podfile.lock. Run 'pod install' or update your CocoaPods installation.\" >&2\n    exit 1\nfi\n# This output is used by Xcode 'outputs' to avoid re-running this script phase.\necho \"SUCCESS\" > \"${SCRIPT_OUTPUT_FILE_0}\"\n";
			showEnvVarsInLog = 0;
		};
		FD940EAA5C82D1BB2BD7F354 /* [CP] Embed Pods Frameworks */ = {
			isa = PBXShellScriptBuildPhase;
			buildActionMask = 2147483647;
			files = (
			);
			inputPaths = (
			);
			name = "[CP] Embed Pods Frameworks";
			outputPaths = (
			);
			runOnlyForDeploymentPostprocessing = 0;
			shellPath = /bin/sh;
			shellScript = "\"${SRCROOT}/Pods/Target Support Files/Pods-TumblrTests/Pods-TumblrTests-frameworks.sh\"\n";
			showEnvVarsInLog = 0;
		};
/* End PBXShellScriptBuildPhase section */

/* Begin PBXSourcesBuildPhase section */
		BD71A250204385F000FF50E3 /* Sources */ = {
			isa = PBXSourcesBuildPhase;
			buildActionMask = 2147483647;
			files = (
				BD71A258204385F000FF50E3 /* AppDelegate.swift in Sources */,
				BD71A28A20438D9900FF50E3 /* PhotoCell.swift in Sources */,
				BD71A288204388AB00FF50E3 /* PhotosViewController.swift in Sources */,
			);
			runOnlyForDeploymentPostprocessing = 0;
		};
		BD71A264204385F100FF50E3 /* Sources */ = {
			isa = PBXSourcesBuildPhase;
			buildActionMask = 2147483647;
			files = (
				BD71A26D204385F100FF50E3 /* TumblrTests.swift in Sources */,
			);
			runOnlyForDeploymentPostprocessing = 0;
		};
		BD71A26F204385F100FF50E3 /* Sources */ = {
			isa = PBXSourcesBuildPhase;
			buildActionMask = 2147483647;
			files = (
				BD71A278204385F100FF50E3 /* TumblrUITests.swift in Sources */,
			);
			runOnlyForDeploymentPostprocessing = 0;
		};
/* End PBXSourcesBuildPhase section */

/* Begin PBXTargetDependency section */
		BD71A26A204385F100FF50E3 /* PBXTargetDependency */ = {
			isa = PBXTargetDependency;
			target = BD71A253204385F000FF50E3 /* Tumblr */;
			targetProxy = BD71A269204385F100FF50E3 /* PBXContainerItemProxy */;
		};
		BD71A275204385F100FF50E3 /* PBXTargetDependency */ = {
			isa = PBXTargetDependency;
			target = BD71A253204385F000FF50E3 /* Tumblr */;
			targetProxy = BD71A274204385F100FF50E3 /* PBXContainerItemProxy */;
		};
/* End PBXTargetDependency section */

/* Begin PBXVariantGroup section */
		BD71A25B204385F000FF50E3 /* Main.storyboard */ = {
			isa = PBXVariantGroup;
			children = (
				BD71A25C204385F000FF50E3 /* Base */,
			);
			name = Main.storyboard;
			sourceTree = "<group>";
		};
		BD71A260204385F000FF50E3 /* LaunchScreen.storyboard */ = {
			isa = PBXVariantGroup;
			children = (
				BD71A261204385F000FF50E3 /* Base */,
			);
			name = LaunchScreen.storyboard;
			sourceTree = "<group>";
		};
/* End PBXVariantGroup section */

/* Begin XCBuildConfiguration section */
		BD71A27A204385F100FF50E3 /* Debug */ = {
			isa = XCBuildConfiguration;
			buildSettings = {
				ALWAYS_SEARCH_USER_PATHS = NO;
				CLANG_ANALYZER_NONNULL = YES;
				CLANG_ANALYZER_NUMBER_OBJECT_CONVERSION = YES_AGGRESSIVE;
				CLANG_CXX_LANGUAGE_STANDARD = "gnu++14";
				CLANG_CXX_LIBRARY = "libc++";
				CLANG_ENABLE_MODULES = YES;
				CLANG_ENABLE_OBJC_ARC = YES;
				CLANG_WARN_BLOCK_CAPTURE_AUTORELEASING = YES;
				CLANG_WARN_BOOL_CONVERSION = YES;
				CLANG_WARN_COMMA = YES;
				CLANG_WARN_CONSTANT_CONVERSION = YES;
				CLANG_WARN_DIRECT_OBJC_ISA_USAGE = YES_ERROR;
				CLANG_WARN_DOCUMENTATION_COMMENTS = YES;
				CLANG_WARN_EMPTY_BODY = YES;
				CLANG_WARN_ENUM_CONVERSION = YES;
				CLANG_WARN_INFINITE_RECURSION = YES;
				CLANG_WARN_INT_CONVERSION = YES;
				CLANG_WARN_NON_LITERAL_NULL_CONVERSION = YES;
				CLANG_WARN_OBJC_LITERAL_CONVERSION = YES;
				CLANG_WARN_OBJC_ROOT_CLASS = YES_ERROR;
				CLANG_WARN_RANGE_LOOP_ANALYSIS = YES;
				CLANG_WARN_STRICT_PROTOTYPES = YES;
				CLANG_WARN_SUSPICIOUS_MOVE = YES;
				CLANG_WARN_UNGUARDED_AVAILABILITY = YES_AGGRESSIVE;
				CLANG_WARN_UNREACHABLE_CODE = YES;
				CLANG_WARN__DUPLICATE_METHOD_MATCH = YES;
				CODE_SIGN_IDENTITY = "iPhone Developer";
				COPY_PHASE_STRIP = NO;
				DEBUG_INFORMATION_FORMAT = dwarf;
				ENABLE_STRICT_OBJC_MSGSEND = YES;
				ENABLE_TESTABILITY = YES;
				GCC_C_LANGUAGE_STANDARD = gnu11;
				GCC_DYNAMIC_NO_PIC = NO;
				GCC_NO_COMMON_BLOCKS = YES;
				GCC_OPTIMIZATION_LEVEL = 0;
				GCC_PREPROCESSOR_DEFINITIONS = (
					"DEBUG=1",
					"$(inherited)",
				);
				GCC_WARN_64_TO_32_BIT_CONVERSION = YES;
				GCC_WARN_ABOUT_RETURN_TYPE = YES_ERROR;
				GCC_WARN_UNDECLARED_SELECTOR = YES;
				GCC_WARN_UNINITIALIZED_AUTOS = YES_AGGRESSIVE;
				GCC_WARN_UNUSED_FUNCTION = YES;
				GCC_WARN_UNUSED_VARIABLE = YES;
				IPHONEOS_DEPLOYMENT_TARGET = 11.2;
				MTL_ENABLE_DEBUG_INFO = YES;
				ONLY_ACTIVE_ARCH = YES;
				SDKROOT = iphoneos;
				SWIFT_ACTIVE_COMPILATION_CONDITIONS = DEBUG;
				SWIFT_OPTIMIZATION_LEVEL = "-Onone";
			};
			name = Debug;
		};
		BD71A27B204385F100FF50E3 /* Release */ = {
			isa = XCBuildConfiguration;
			buildSettings = {
				ALWAYS_SEARCH_USER_PATHS = NO;
				CLANG_ANALYZER_NONNULL = YES;
				CLANG_ANALYZER_NUMBER_OBJECT_CONVERSION = YES_AGGRESSIVE;
				CLANG_CXX_LANGUAGE_STANDARD = "gnu++14";
				CLANG_CXX_LIBRARY = "libc++";
				CLANG_ENABLE_MODULES = YES;
				CLANG_ENABLE_OBJC_ARC = YES;
				CLANG_WARN_BLOCK_CAPTURE_AUTORELEASING = YES;
				CLANG_WARN_BOOL_CONVERSION = YES;
				CLANG_WARN_COMMA = YES;
				CLANG_WARN_CONSTANT_CONVERSION = YES;
				CLANG_WARN_DIRECT_OBJC_ISA_USAGE = YES_ERROR;
				CLANG_WARN_DOCUMENTATION_COMMENTS = YES;
				CLANG_WARN_EMPTY_BODY = YES;
				CLANG_WARN_ENUM_CONVERSION = YES;
				CLANG_WARN_INFINITE_RECURSION = YES;
				CLANG_WARN_INT_CONVERSION = YES;
				CLANG_WARN_NON_LITERAL_NULL_CONVERSION = YES;
				CLANG_WARN_OBJC_LITERAL_CONVERSION = YES;
				CLANG_WARN_OBJC_ROOT_CLASS = YES_ERROR;
				CLANG_WARN_RANGE_LOOP_ANALYSIS = YES;
				CLANG_WARN_STRICT_PROTOTYPES = YES;
				CLANG_WARN_SUSPICIOUS_MOVE = YES;
				CLANG_WARN_UNGUARDED_AVAILABILITY = YES_AGGRESSIVE;
				CLANG_WARN_UNREACHABLE_CODE = YES;
				CLANG_WARN__DUPLICATE_METHOD_MATCH = YES;
				CODE_SIGN_IDENTITY = "iPhone Developer";
				COPY_PHASE_STRIP = NO;
				DEBUG_INFORMATION_FORMAT = "dwarf-with-dsym";
				ENABLE_NS_ASSERTIONS = NO;
				ENABLE_STRICT_OBJC_MSGSEND = YES;
				GCC_C_LANGUAGE_STANDARD = gnu11;
				GCC_NO_COMMON_BLOCKS = YES;
				GCC_WARN_64_TO_32_BIT_CONVERSION = YES;
				GCC_WARN_ABOUT_RETURN_TYPE = YES_ERROR;
				GCC_WARN_UNDECLARED_SELECTOR = YES;
				GCC_WARN_UNINITIALIZED_AUTOS = YES_AGGRESSIVE;
				GCC_WARN_UNUSED_FUNCTION = YES;
				GCC_WARN_UNUSED_VARIABLE = YES;
				IPHONEOS_DEPLOYMENT_TARGET = 11.2;
				MTL_ENABLE_DEBUG_INFO = NO;
				SDKROOT = iphoneos;
				SWIFT_OPTIMIZATION_LEVEL = "-Owholemodule";
				VALIDATE_PRODUCT = YES;
			};
			name = Release;
		};
		BD71A27D204385F100FF50E3 /* Debug */ = {
			isa = XCBuildConfiguration;
			baseConfigurationReference = 598D2B65F854FA6DC7FE26C2 /* Pods-Tumblr.debug.xcconfig */;
			buildSettings = {
				ASSETCATALOG_COMPILER_APPICON_NAME = AppIcon;
				CODE_SIGN_STYLE = Automatic;
				INFOPLIST_FILE = Tumblr/Info.plist;
				LD_RUNPATH_SEARCH_PATHS = "$(inherited) @executable_path/Frameworks";
				PRODUCT_BUNDLE_IDENTIFIER = com.codepath.Tumblr;
				PRODUCT_NAME = "$(TARGET_NAME)";
				SWIFT_VERSION = 4.0;
				TARGETED_DEVICE_FAMILY = "1,2";
			};
			name = Debug;
		};
		BD71A27E204385F100FF50E3 /* Release */ = {
			isa = XCBuildConfiguration;
			baseConfigurationReference = 520E46D885FE96D576F5200D /* Pods-Tumblr.release.xcconfig */;
			buildSettings = {
				ASSETCATALOG_COMPILER_APPICON_NAME = AppIcon;
				CODE_SIGN_STYLE = Automatic;
				INFOPLIST_FILE = Tumblr/Info.plist;
				LD_RUNPATH_SEARCH_PATHS = "$(inherited) @executable_path/Frameworks";
				PRODUCT_BUNDLE_IDENTIFIER = com.codepath.Tumblr;
				PRODUCT_NAME = "$(TARGET_NAME)";
				SWIFT_VERSION = 4.0;
				TARGETED_DEVICE_FAMILY = "1,2";
			};
			name = Release;
		};
		BD71A280204385F100FF50E3 /* Debug */ = {
			isa = XCBuildConfiguration;
			baseConfigurationReference = 453DF8739015DEF0A20ED3EC /* Pods-TumblrTests.debug.xcconfig */;
			buildSettings = {
				ALWAYS_EMBED_SWIFT_STANDARD_LIBRARIES = YES;
				BUNDLE_LOADER = "$(TEST_HOST)";
				CODE_SIGN_STYLE = Automatic;
				INFOPLIST_FILE = TumblrTests/Info.plist;
				LD_RUNPATH_SEARCH_PATHS = "$(inherited) @executable_path/Frameworks @loader_path/Frameworks";
				PRODUCT_BUNDLE_IDENTIFIER = com.codepath.TumblrTests;
				PRODUCT_NAME = "$(TARGET_NAME)";
				SWIFT_VERSION = 4.0;
				TARGETED_DEVICE_FAMILY = "1,2";
				TEST_HOST = "$(BUILT_PRODUCTS_DIR)/Tumblr.app/Tumblr";
			};
			name = Debug;
		};
		BD71A281204385F100FF50E3 /* Release */ = {
			isa = XCBuildConfiguration;
			baseConfigurationReference = 35EA6612F86CCA990D3792BE /* Pods-TumblrTests.release.xcconfig */;
			buildSettings = {
				ALWAYS_EMBED_SWIFT_STANDARD_LIBRARIES = YES;
				BUNDLE_LOADER = "$(TEST_HOST)";
				CODE_SIGN_STYLE = Automatic;
				INFOPLIST_FILE = TumblrTests/Info.plist;
				LD_RUNPATH_SEARCH_PATHS = "$(inherited) @executable_path/Frameworks @loader_path/Frameworks";
				PRODUCT_BUNDLE_IDENTIFIER = com.codepath.TumblrTests;
				PRODUCT_NAME = "$(TARGET_NAME)";
				SWIFT_VERSION = 4.0;
				TARGETED_DEVICE_FAMILY = "1,2";
				TEST_HOST = "$(BUILT_PRODUCTS_DIR)/Tumblr.app/Tumblr";
			};
			name = Release;
		};
		BD71A283204385F100FF50E3 /* Debug */ = {
			isa = XCBuildConfiguration;
			baseConfigurationReference = 0FFE3A2052DF1EFCFE5D6DB0 /* Pods-TumblrUITests.debug.xcconfig */;
			buildSettings = {
				ALWAYS_EMBED_SWIFT_STANDARD_LIBRARIES = YES;
				CODE_SIGN_STYLE = Automatic;
				INFOPLIST_FILE = TumblrUITests/Info.plist;
				LD_RUNPATH_SEARCH_PATHS = "$(inherited) @executable_path/Frameworks @loader_path/Frameworks";
				PRODUCT_BUNDLE_IDENTIFIER = com.codepath.TumblrUITests;
				PRODUCT_NAME = "$(TARGET_NAME)";
				SWIFT_VERSION = 4.0;
				TARGETED_DEVICE_FAMILY = "1,2";
				TEST_TARGET_NAME = Tumblr;
			};
			name = Debug;
		};
		BD71A284204385F100FF50E3 /* Release */ = {
			isa = XCBuildConfiguration;
			baseConfigurationReference = 1972C595F4721501978C1BEB /* Pods-TumblrUITests.release.xcconfig */;
			buildSettings = {
				ALWAYS_EMBED_SWIFT_STANDARD_LIBRARIES = YES;
				CODE_SIGN_STYLE = Automatic;
				INFOPLIST_FILE = TumblrUITests/Info.plist;
				LD_RUNPATH_SEARCH_PATHS = "$(inherited) @executable_path/Frameworks @loader_path/Frameworks";
				PRODUCT_BUNDLE_IDENTIFIER = com.codepath.TumblrUITests;
				PRODUCT_NAME = "$(TARGET_NAME)";
				SWIFT_VERSION = 4.0;
				TARGETED_DEVICE_FAMILY = "1,2";
				TEST_TARGET_NAME = Tumblr;
			};
			name = Release;
		};
/* End XCBuildConfiguration section */

/* Begin XCConfigurationList section */
		BD71A24F204385F000FF50E3 /* Build configuration list for PBXProject "Tumblr" */ = {
			isa = XCConfigurationList;
			buildConfigurations = (
				BD71A27A204385F100FF50E3 /* Debug */,
				BD71A27B204385F100FF50E3 /* Release */,
			);
			defaultConfigurationIsVisible = 0;
			defaultConfigurationName = Release;
		};
		BD71A27C204385F100FF50E3 /* Build configuration list for PBXNativeTarget "Tumblr" */ = {
			isa = XCConfigurationList;
			buildConfigurations = (
				BD71A27D204385F100FF50E3 /* Debug */,
				BD71A27E204385F100FF50E3 /* Release */,
			);
			defaultConfigurationIsVisible = 0;
			defaultConfigurationName = Release;
		};
		BD71A27F204385F100FF50E3 /* Build configuration list for PBXNativeTarget "TumblrTests" */ = {
			isa = XCConfigurationList;
			buildConfigurations = (
				BD71A280204385F100FF50E3 /* Debug */,
				BD71A281204385F100FF50E3 /* Release */,
			);
			defaultConfigurationIsVisible = 0;
			defaultConfigurationName = Release;
		};
		BD71A282204385F100FF50E3 /* Build configuration list for PBXNativeTarget "TumblrUITests" */ = {
			isa = XCConfigurationList;
			buildConfigurations = (
				BD71A283204385F100FF50E3 /* Debug */,
				BD71A284204385F100FF50E3 /* Release */,
			);
			defaultConfigurationIsVisible = 0;
			defaultConfigurationName = Release;
		};
/* End XCConfigurationList section */
	};
	rootObject = BD71A24C204385F000FF50E3 /* Project object */;
}
